{
  "originHash" : "46b6f9fc0e73468117bc649aea8bb1009b82a4cf6992c88b781c6a8678c6af10",
  "pins" : [
    {
      "identity" : "run-mockolo",
      "kind" : "remoteSourceControl",
      "location" : "https://github.com/9uiLe/run-mockolo.git",
      "state" : {
        "revision" : "9ac77d1ab36db911574b71ac06de7beb7817618e",
        "version" : "1.0.3"
      }
    }
  ],
  "version" : 3
}
